
Microsoft Visual Studio Solution File, Format Version 12.00
# Visual Studio 15
VisualStudioVersion = 15.0.27703.2035
MinimumVisualStudioVersion = 10.0.40219.1
Project("{FAE04EC0-301F-11D3-BF4B-00C04F79EFBC}") = "02.Fiap.WebApplication.MVC", "02.Fiap.WebApplication.MVC\02.Fiap.WebApplication.MVC.csproj", "{0C428652-36DA-4A08-A584-A48ADCC8D660}"
EndProject
Global
	GlobalSection(SolutionConfigurationPlatforms) = preSolution
		Debug|Any CPU = Debug|Any CPU
		Release|Any CPU = Release|Any CPU
	EndGlobalSection
	GlobalSection(ProjectConfigurationPlatforms) = postSolution
		{0C428652-36DA-4A08-A584-A48ADCC8D660}.Debug|Any CPU.ActiveCfg = Debug|Any CPU
		{0C428652-36DA-4A08-A584-A48ADCC8D660}.Debug|Any CPU.Build.0 = Debug|Any CPU
		{0C428652-36DA-4A08-A584-A48ADCC8D660}.Release|Any CPU.ActiveCfg = Release|Any CPU
		{0C428652-36DA-4A08-A584-A48ADCC8D660}.Release|Any CPU.Build.0 = Release|Any CPU
	EndGlobalSection
	GlobalSection(SolutionProperties) = preSolution
		HideSolutionNode = FALSE
	EndGlobalSection
	GlobalSection(ExtensibilityGlobals) = postSolution
		SolutionGuid = {B4C5CD12-B02F-4340-A038-2B8E91CEC8B3}
	EndGlobalSection
EndGlobal
